
Microsoft Visual Studio Solution File, Format Version 12.00
# Visual Studio Version 17
VisualStudioVersion = 17.14.36414.22 d17.14
MinimumVisualStudioVersion = 10.0.40219.1
Project("{FAE04EC0-301F-11D3-BF4B-00C04F79EFBC}") = "Rombo", "Rombo\Rombo.csproj", "{EAF97B29-D7AA-47B5-9111-BB4E9CFF4773}"
EndProject
Global
	GlobalSection(SolutionConfigurationPlatforms) = preSolution
		Debug|Any CPU = Debug|Any CPU
		Release|Any CPU = Release|Any CPU
	EndGlobalSection
	GlobalSection(ProjectConfigurationPlatforms) = postSolution
		{EAF97B29-D7AA-47B5-9111-BB4E9CFF4773}.Debug|Any CPU.ActiveCfg = Debug|Any CPU
		{EAF97B29-D7AA-47B5-9111-BB4E9CFF4773}.Debug|Any CPU.Build.0 = Debug|Any CPU
		{EAF97B29-D7AA-47B5-9111-BB4E9CFF4773}.Release|Any CPU.ActiveCfg = Release|Any CPU
		{EAF97B29-D7AA-47B5-9111-BB4E9CFF4773}.Release|Any CPU.Build.0 = Release|Any CPU
	EndGlobalSection
	GlobalSection(SolutionProperties) = preSolution
		HideSolutionNode = FALSE
	EndGlobalSection
	GlobalSection(ExtensibilityGlobals) = postSolution
		SolutionGuid = {8CED3A22-1ADB-4160-96BC-DE15FB047DA1}
	EndGlobalSection
EndGlobal
